
Microsoft Visual Studio Solution File, Format Version 12.00
# Visual Studio 15
VisualStudioVersion = 15.0.27130.2010
MinimumVisualStudioVersion = 10.0.40219.1
Project("{FAE04EC0-301F-11D3-BF4B-00C04F79EFBC}") = "Q32001621.Test", "Q32001621\Q32001621.Tests\Q32001621.Test.csproj", "{87016919-A8DE-4AAE-AE99-BA8D1895D80F}"
EndProject
Project("{2150E333-8FDC-42A3-9474-1A3956D46DE8}") = "Q32001621", "Q32001621", "{CC0BDA00-8516-4058-BC63-019A2C35210E}"
EndProject
Project("{FAE04EC0-301F-11D3-BF4B-00C04F79EFBC}") = "Q32001621", "Q32001621\Q32001621\Q32001621.csproj", "{9EE2C284-07A3-4463-80A5-062471D34BBB}"
EndProject
Global
	GlobalSection(SolutionConfigurationPlatforms) = preSolution
		Debug|Any CPU = Debug|Any CPU
		Release|Any CPU = Release|Any CPU
	EndGlobalSection
	GlobalSection(ProjectConfigurationPlatforms) = postSolution
		{87016919-A8DE-4AAE-AE99-BA8D1895D80F}.Debug|Any CPU.ActiveCfg = Debug|Any CPU
		{87016919-A8DE-4AAE-AE99-BA8D1895D80F}.Debug|Any CPU.Build.0 = Debug|Any CPU
		{87016919-A8DE-4AAE-AE99-BA8D1895D80F}.Release|Any CPU.ActiveCfg = Release|Any CPU
		{87016919-A8DE-4AAE-AE99-BA8D1895D80F}.Release|Any CPU.Build.0 = Release|Any CPU
		{9EE2C284-07A3-4463-80A5-062471D34BBB}.Debug|Any CPU.ActiveCfg = Debug|Any CPU
		{9EE2C284-07A3-4463-80A5-062471D34BBB}.Debug|Any CPU.Build.0 = Debug|Any CPU
		{9EE2C284-07A3-4463-80A5-062471D34BBB}.Release|Any CPU.ActiveCfg = Release|Any CPU
		{9EE2C284-07A3-4463-80A5-062471D34BBB}.Release|Any CPU.Build.0 = Release|Any CPU
	EndGlobalSection
	GlobalSection(SolutionProperties) = preSolution
		HideSolutionNode = FALSE
	EndGlobalSection
	GlobalSection(NestedProjects) = preSolution
		{87016919-A8DE-4AAE-AE99-BA8D1895D80F} = {CC0BDA00-8516-4058-BC63-019A2C35210E}
		{9EE2C284-07A3-4463-80A5-062471D34BBB} = {CC0BDA00-8516-4058-BC63-019A2C35210E}
	EndGlobalSection
	GlobalSection(ExtensibilityGlobals) = postSolution
		SolutionGuid = {D1CF0476-9926-4D81-90F7-276AE36DF38E}
	EndGlobalSection
EndGlobal
